
Microsoft Visual Studio Solution File, Format Version 12.00
# Visual Studio Version 16
VisualStudioVersion = 16.0.31321.278
MinimumVisualStudioVersion = 10.0.40219.1
Project("{FAE04EC0-301F-11D3-BF4B-00C04F79EFBC}") = "Day9 -  LINQ", "Day9 -  LINQ.csproj", "{C3126C3B-9416-4354-AA64-D05CEB830AAD}"
EndProject
Global
	GlobalSection(SolutionConfigurationPlatforms) = preSolution
		Debug|Any CPU = Debug|Any CPU
		Release|Any CPU = Release|Any CPU
	EndGlobalSection
	GlobalSection(ProjectConfigurationPlatforms) = postSolution
		{C3126C3B-9416-4354-AA64-D05CEB830AAD}.Debug|Any CPU.ActiveCfg = Debug|Any CPU
		{C3126C3B-9416-4354-AA64-D05CEB830AAD}.Debug|Any CPU.Build.0 = Debug|Any CPU
		{C3126C3B-9416-4354-AA64-D05CEB830AAD}.Release|Any CPU.ActiveCfg = Release|Any CPU
		{C3126C3B-9416-4354-AA64-D05CEB830AAD}.Release|Any CPU.Build.0 = Release|Any CPU
	EndGlobalSection
	GlobalSection(SolutionProperties) = preSolution
		HideSolutionNode = FALSE
	EndGlobalSection
	GlobalSection(ExtensibilityGlobals) = postSolution
		SolutionGuid = {65508CEB-D9AE-4012-9651-08893299B44E}
	EndGlobalSection
EndGlobal
